
Microsoft Visual Studio Solution File, Format Version 12.00
# Visual Studio 15
VisualStudioVersion = 15.0.28307.1259
MinimumVisualStudioVersion = 10.0.40219.1
Project("{FAE04EC0-301F-11D3-BF4B-00C04F79EFBC}") = "Alice", "Alice\Alice.csproj", "{FBEA9B14-B0FB-4048-B712-ED87B088E6E7}"
EndProject
Global
	GlobalSection(SolutionConfigurationPlatforms) = preSolution
		Debug|Any CPU = Debug|Any CPU
		Release|Any CPU = Release|Any CPU
	EndGlobalSection
	GlobalSection(ProjectConfigurationPlatforms) = postSolution
		{FBEA9B14-B0FB-4048-B712-ED87B088E6E7}.Debug|Any CPU.ActiveCfg = Debug|Any CPU
		{FBEA9B14-B0FB-4048-B712-ED87B088E6E7}.Debug|Any CPU.Build.0 = Debug|Any CPU
		{FBEA9B14-B0FB-4048-B712-ED87B088E6E7}.Release|Any CPU.ActiveCfg = Release|Any CPU
		{FBEA9B14-B0FB-4048-B712-ED87B088E6E7}.Release|Any CPU.Build.0 = Release|Any CPU
	EndGlobalSection
	GlobalSection(SolutionProperties) = preSolution
		HideSolutionNode = FALSE
	EndGlobalSection
	GlobalSection(ExtensibilityGlobals) = postSolution
		SolutionGuid = {55EF4EF5-9DFE-4795-B8AF-268666049A82}
	EndGlobalSection
EndGlobal
